// !$*UTF8*$!
{
	archiveVersion = 1;
	classes = {
	};
	objectVersion = 50;
	objects = {

/* Begin PBXBuildFile section */
		1F53C927224CBB83007B7C4D /* Queue.cpp in Sources */ = {isa = PBXBuildFile; fileRef = 1F53C925224CBB83007B7C4D /* Queue.cpp */; };
		1FC8FB352251AF9A00470316 /* ATM.cpp in Sources */ = {isa = PBXBuildFile; fileRef = 1FC8FB332251AF9A00470316 /* ATM.cpp */; };
		1FF0C48E22432CFF000FCE16 /* server.cpp in Sources */ = {isa = PBXBuildFile; fileRef = 1FF0C48C22432CFF000FCE16 /* server.cpp */; };
		1FF0C49522438CDE000FCE16 /* stock.cpp in Sources */ = {isa = PBXBuildFile; fileRef = 1FF0C49322438CDE000FCE16 /* stock.cpp */; };
		1FF5BDB922423C190022A9EF /* main.cpp in Sources */ = {isa = PBXBuildFile; fileRef = 1FF5BDB822423C190022A9EF /* main.cpp */; };
/* End PBXBuildFile section */

/* Begin PBXCopyFilesBuildPhase section */
		1FF5BDB322423C190022A9EF /* CopyFiles */ = {
			isa = PBXCopyFilesBuildPhase;
			buildActionMask = 2147483647;
			dstPath = /usr/share/man/man1/;
			dstSubfolderSpec = 0;
			files = (
			);
			runOnlyForDeploymentPostprocessing = 1;
		};
/* End PBXCopyFilesBuildPhase section */

/* Begin PBXFileReference section */
		1F53C925224CBB83007B7C4D /* Queue.cpp */ = {isa = PBXFileReference; lastKnownFileType = sourcecode.cpp.cpp; path = Queue.cpp; sourceTree = "<group>"; };
		1F53C926224CBB83007B7C4D /* Queue.h */ = {isa = PBXFileReference; lastKnownFileType = sourcecode.c.h; path = Queue.h; sourceTree = "<group>"; };
		1FC8FB332251AF9A00470316 /* ATM.cpp */ = {isa = PBXFileReference; lastKnownFileType = sourcecode.cpp.cpp; path = ATM.cpp; sourceTree = "<group>"; };
		1FC8FB342251AF9A00470316 /* ATM.h */ = {isa = PBXFileReference; lastKnownFileType = sourcecode.c.h; path = ATM.h; sourceTree = "<group>"; };
		1FF0C48C22432CFF000FCE16 /* server.cpp */ = {isa = PBXFileReference; lastKnownFileType = sourcecode.cpp.cpp; path = server.cpp; sourceTree = "<group>"; };
		1FF0C48D22432CFF000FCE16 /* server.h */ = {isa = PBXFileReference; lastKnownFileType = sourcecode.c.h; path = server.h; sourceTree = "<group>"; };
		1FF0C48F22432D28000FCE16 /* common.h */ = {isa = PBXFileReference; lastKnownFileType = sourcecode.c.h; path = common.h; sourceTree = "<group>"; };
		1FF0C49322438CDE000FCE16 /* stock.cpp */ = {isa = PBXFileReference; lastKnownFileType = sourcecode.cpp.cpp; path = stock.cpp; sourceTree = "<group>"; };
		1FF0C49422438CDE000FCE16 /* stock.h */ = {isa = PBXFileReference; lastKnownFileType = sourcecode.c.h; path = stock.h; sourceTree = "<group>"; };
		1FF5BDB522423C190022A9EF /* CCTestDemo */ = {isa = PBXFileReference; explicitFileType = "compiled.mach-o.executable"; includeInIndex = 0; path = CCTestDemo; sourceTree = BUILT_PRODUCTS_DIR; };
		1FF5BDB822423C190022A9EF /* main.cpp */ = {isa = PBXFileReference; lastKnownFileType = sourcecode.cpp.cpp; path = main.cpp; sourceTree = "<group>"; };
/* End PBXFileReference section */

/* Begin PBXFrameworksBuildPhase section */
		1FF5BDB222423C190022A9EF /* Frameworks */ = {
			isa = PBXFrameworksBuildPhase;
			buildActionMask = 2147483647;
			files = (
			);
			runOnlyForDeploymentPostprocessing = 0;
		};
/* End PBXFrameworksBuildPhase section */

/* Begin PBXGroup section */
		1FF5BDAC22423C190022A9EF = {
			isa = PBXGroup;
			children = (
				1FF5BDB722423C190022A9EF /* CCTestDemo */,
				1FF5BDB622423C190022A9EF /* Products */,
			);
			sourceTree = "<group>";
		};
		1FF5BDB622423C190022A9EF /* Products */ = {
			isa = PBXGroup;
			children = (
				1FF5BDB522423C190022A9EF /* CCTestDemo */,
			);
			name = Products;
			sourceTree = "<group>";
		};
		1FF5BDB722423C190022A9EF /* CCTestDemo */ = {
			isa = PBXGroup;
			children = (
				1FF5BDB822423C190022A9EF /* main.cpp */,
				1FF0C48C22432CFF000FCE16 /* server.cpp */,
				1FF0C48D22432CFF000FCE16 /* server.h */,
				1FF0C48F22432D28000FCE16 /* common.h */,
				1FF0C49322438CDE000FCE16 /* stock.cpp */,
				1FF0C49422438CDE000FCE16 /* stock.h */,
				1F53C925224CBB83007B7C4D /* Queue.cpp */,
				1F53C926224CBB83007B7C4D /* Queue.h */,
				1FC8FB332251AF9A00470316 /* ATM.cpp */,
				1FC8FB342251AF9A00470316 /* ATM.h */,
			);
			path = CCTestDemo;
			sourceTree = "<group>";
		};
/* End PBXGroup section */

/* Begin PBXNativeTarget section */
		1FF5BDB422423C190022A9EF /* CCTestDemo */ = {
			isa = PBXNativeTarget;
			buildConfigurationList = 1FF5BDBC22423C190022A9EF /* Build configuration list for PBXNativeTarget "CCTestDemo" */;
			buildPhases = (
				1FF5BDB122423C190022A9EF /* Sources */,
				1FF5BDB222423C190022A9EF /* Frameworks */,
				1FF5BDB322423C190022A9EF /* CopyFiles */,
			);
			buildRules = (
			);
			dependencies = (
			);
			name = CCTestDemo;
			productName = CCTestDemo;
			productReference = 1FF5BDB522423C190022A9EF /* CCTestDemo */;
			productType = "com.apple.product-type.tool";
		};
/* End PBXNativeTarget section */

/* Begin PBXProject section */
		1FF5BDAD22423C190022A9EF /* Project object */ = {
			isa = PBXProject;
			attributes = {
				LastUpgradeCheck = 1010;
				ORGANIZATIONNAME = "路飞";
				TargetAttributes = {
					1FF5BDB422423C190022A9EF = {
						CreatedOnToolsVersion = 10.1;
					};
				};
			};
			buildConfigurationList = 1FF5BDB022423C190022A9EF /* Build configuration list for PBXProject "CCTestDemo" */;
			compatibilityVersion = "Xcode 9.3";
			developmentRegion = en;
			hasScannedForEncodings = 0;
			knownRegions = (
				en,
			);
			mainGroup = 1FF5BDAC22423C190022A9EF;
			productRefGroup = 1FF5BDB622423C190022A9EF /* Products */;
			projectDirPath = "";
			projectRoot = "";
			targets = (
				1FF5BDB422423C190022A9EF /* CCTestDemo */,
			);
		};
/* End PBXProject section */

/* Begin PBXSourcesBuildPhase section */
		1FF5BDB122423C190022A9EF /* Sources */ = {
			isa = PBXSourcesBuildPhase;
			buildActionMask = 2147483647;
			files = (
				1FC8FB352251AF9A00470316 /* ATM.cpp in Sources */,
				1FF0C48E22432CFF000FCE16 /* server.cpp in Sources */,
				1FF0C49522438CDE000FCE16 /* stock.cpp in Sources */,
				1FF5BDB922423C190022A9EF /* main.cpp in Sources */,
				1F53C927224CBB83007B7C4D /* Queue.cpp in Sources */,
			);
			runOnlyForDeploymentPostprocessing = 0;
		};
/* End PBXSourcesBuildPhase section */

/* Begin XCBuildConfiguration section */
		1FF5BDBA22423C190022A9EF /* Debug */ = {
			isa = XCBuildConfiguration;
			buildSettings = {
				ALWAYS_SEARCH_USER_PATHS = NO;
				CLANG_ANALYZER_NONNULL = YES;
				CLANG_ANALYZER_NUMBER_OBJECT_CONVERSION = YES_AGGRESSIVE;
				CLANG_CXX_LANGUAGE_STANDARD = "gnu++14";
				CLANG_CXX_LIBRARY = "libc++";
				CLANG_ENABLE_MODULES = YES;
				CLANG_ENABLE_OBJC_ARC = YES;
				CLANG_ENABLE_OBJC_WEAK = YES;
				CLANG_WARN_BLOCK_CAPTURE_AUTORELEASING = YES;
				CLANG_WARN_BOOL_CONVERSION = YES;
				CLANG_WARN_COMMA = YES;
				CLANG_WARN_CONSTANT_CONVERSION = YES;
				CLANG_WARN_DEPRECATED_OBJC_IMPLEMENTATIONS = YES;
				CLANG_WARN_DIRECT_OBJC_ISA_USAGE = YES_ERROR;
				CLANG_WARN_DOCUMENTATION_COMMENTS = YES;
				CLANG_WARN_EMPTY_BODY = YES;
				CLANG_WARN_ENUM_CONVERSION = YES;
				CLANG_WARN_INFINITE_RECURSION = YES;
				CLANG_WARN_INT_CONVERSION = YES;
				CLANG_WARN_NON_LITERAL_NULL_CONVERSION = YES;
				CLANG_WARN_OBJC_IMPLICIT_RETAIN_SELF = YES;
				CLANG_WARN_OBJC_LITERAL_CONVERSION = YES;
				CLANG_WARN_OBJC_ROOT_CLASS = YES_ERROR;
				CLANG_WARN_RANGE_LOOP_ANALYSIS = YES;
				CLANG_WARN_STRICT_PROTOTYPES = YES;
				CLANG_WARN_SUSPICIOUS_MOVE = YES;
				CLANG_WARN_UNGUARDED_AVAILABILITY = YES_AGGRESSIVE;
				CLANG_WARN_UNREACHABLE_CODE = YES;
				CLANG_WARN__DUPLICATE_METHOD_MATCH = YES;
				CODE_SIGN_IDENTITY = "-";
				COPY_PHASE_STRIP = NO;
				DEBUG_INFORMATION_FORMAT = dwarf;
				ENABLE_STRICT_OBJC_MSGSEND = YES;
				ENABLE_TESTABILITY = YES;
				GCC_C_LANGUAGE_STANDARD = gnu11;
				GCC_DYNAMIC_NO_PIC = NO;
				GCC_NO_COMMON_BLOCKS = YES;
				GCC_OPTIMIZATION_LEVEL = 0;
				GCC_PREPROCESSOR_DEFINITIONS = (
					"DEBUG=1",
					"$(inherited)",
				);
				GCC_WARN_64_TO_32_BIT_CONVERSION = YES;
				GCC_WARN_ABOUT_RETURN_TYPE = YES_ERROR;
				GCC_WARN_UNDECLARED_SELECTOR = YES;
				GCC_WARN_UNINITIALIZED_AUTOS = YES_AGGRESSIVE;
				GCC_WARN_UNUSED_FUNCTION = YES;
				GCC_WARN_UNUSED_VARIABLE = YES;
				MACOSX_DEPLOYMENT_TARGET = 10.13;
				MTL_ENABLE_DEBUG_INFO = INCLUDE_SOURCE;
				MTL_FAST_MATH = YES;
				ONLY_ACTIVE_ARCH = YES;
				SDKROOT = macosx;
			};
			name = Debug;
		};
		1FF5BDBB22423C190022A9EF /* Release */ = {
			isa = XCBuildConfiguration;
			buildSettings = {
				ALWAYS_SEARCH_USER_PATHS = NO;
				CLANG_ANALYZER_NONNULL = YES;
				CLANG_ANALYZER_NUMBER_OBJECT_CONVERSION = YES_AGGRESSIVE;
				CLANG_CXX_LANGUAGE_STANDARD = "gnu++14";
				CLANG_CXX_LIBRARY = "libc++";
				CLANG_ENABLE_MODULES = YES;
				CLANG_ENABLE_OBJC_ARC = YES;
				CLANG_ENABLE_OBJC_WEAK = YES;
				CLANG_WARN_BLOCK_CAPTURE_AUTORELEASING = YES;
				CLANG_WARN_BOOL_CONVERSION = YES;
				CLANG_WARN_COMMA = YES;
				CLANG_WARN_CONSTANT_CONVERSION = YES;
				CLANG_WARN_DEPRECATED_OBJC_IMPLEMENTATIONS = YES;
				CLANG_WARN_DIRECT_OBJC_ISA_USAGE = YES_ERROR;
				CLANG_WARN_DOCUMENTATION_COMMENTS = YES;
				CLANG_WARN_EMPTY_BODY = YES;
				CLANG_WARN_ENUM_CONVERSION = YES;
				CLANG_WARN_INFINITE_RECURSION = YES;
				CLANG_WARN_INT_CONVERSION = YES;
				CLANG_WARN_NON_LITERAL_NULL_CONVERSION = YES;
				CLANG_WARN_OBJC_IMPLICIT_RETAIN_SELF = YES;
				CLANG_WARN_OBJC_LITERAL_CONVERSION = YES;
				CLANG_WARN_OBJC_ROOT_CLASS = YES_ERROR;
				CLANG_WARN_RANGE_LOOP_ANALYSIS = YES;
				CLANG_WARN_STRICT_PROTOTYPES = YES;
				CLANG_WARN_SUSPICIOUS_MOVE = YES;
				CLANG_WARN_UNGUARDED_AVAILABILITY = YES_AGGRESSIVE;
				CLANG_WARN_UNREACHABLE_CODE = YES;
				CLANG_WARN__DUPLICATE_METHOD_MATCH = YES;
				CODE_SIGN_IDENTITY = "-";
				COPY_PHASE_STRIP = NO;
				DEBUG_INFORMATION_FORMAT = "dwarf-with-dsym";
				ENABLE_NS_ASSERTIONS = NO;
				ENABLE_STRICT_OBJC_MSGSEND = YES;
				GCC_C_LANGUAGE_STANDARD = gnu11;
				GCC_NO_COMMON_BLOCKS = YES;
				GCC_WARN_64_TO_32_BIT_CONVERSION = YES;
				GCC_WARN_ABOUT_RETURN_TYPE = YES_ERROR;
				GCC_WARN_UNDECLARED_SELECTOR = YES;
				GCC_WARN_UNINITIALIZED_AUTOS = YES_AGGRESSIVE;
				GCC_WARN_UNUSED_FUNCTION = YES;
				GCC_WARN_UNUSED_VARIABLE = YES;
				MACOSX_DEPLOYMENT_TARGET = 10.13;
				MTL_ENABLE_DEBUG_INFO = NO;
				MTL_FAST_MATH = YES;
				SDKROOT = macosx;
			};
			name = Release;
		};
		1FF5BDBD22423C190022A9EF /* Debug */ = {
			isa = XCBuildConfiguration;
			buildSettings = {
				CODE_SIGN_STYLE = Automatic;
				PRODUCT_NAME = "$(TARGET_NAME)";
			};
			name = Debug;
		};
		1FF5BDBE22423C190022A9EF /* Release */ = {
			isa = XCBuildConfiguration;
			buildSettings = {
				CODE_SIGN_STYLE = Automatic;
				PRODUCT_NAME = "$(TARGET_NAME)";
			};
			name = Release;
		};
/* End XCBuildConfiguration section */

/* Begin XCConfigurationList section */
		1FF5BDB022423C190022A9EF /* Build configuration list for PBXProject "CCTestDemo" */ = {
			isa = XCConfigurationList;
			buildConfigurations = (
				1FF5BDBA22423C190022A9EF /* Debug */,
				1FF5BDBB22423C190022A9EF /* Release */,
			);
			defaultConfigurationIsVisible = 0;
			defaultConfigurationName = Release;
		};
		1FF5BDBC22423C190022A9EF /* Build configuration list for PBXNativeTarget "CCTestDemo" */ = {
			isa = XCConfigurationList;
			buildConfigurations = (
				1FF5BDBD22423C190022A9EF /* Debug */,
				1FF5BDBE22423C190022A9EF /* Release */,
			);
			defaultConfigurationIsVisible = 0;
			defaultConfigurationName = Release;
		};
/* End XCConfigurationList section */
	};
	rootObject = 1FF5BDAD22423C190022A9EF /* Project object */;
}
